<?xml version="1.0" encoding="utf-8"?>
<Project ToolsVersion="4.0" xmlns="http://schemas.microsoft.com/developer/msbuild/2003">
  <ItemGroup>
    <ClCompile Include="AppOpenCL.cpp">
      <Filter>Source Files</Filter>
    </ClCompile>
    <ClCompile Include="luuMiner.cpp">
      <Filter>Source Files</Filter>
    </ClCompile>
    <ClCompile Include="Blake512.cpp">
      <Filter>Source Files</Filter>
    </ClCompile>
    <ClCompile Include="Config.cpp">
      <Filter>Source Files</Filter>
    </ClCompile>
    <ClCompile Include="CPUMiner.cpp">
      <Filter>Source Files</Filter>
    </ClCompile>
    <ClCompile Include="Curl.cpp">
      <Filter>Source Files</Filter>
    </ClCompile>
    <ClCompile Include="json_reader.cpp">
      <Filter>Source Files</Filter>
    </ClCompile>
    <ClCompile Include="json_value.cpp">
      <Filter>Source Files</Filter>
    </ClCompile>
    <ClCompile Include="json_writer.cpp">
      <Filter>Source Files</Filter>
    </ClCompile>
    <ClCompile Include="luuMinerDlg.cpp">
      <Filter>Source Files</Filter>
    </ClCompile>
    <ClCompile Include="RSHash.cpp">
      <Filter>Source Files</Filter>
    </ClCompile>
    <ClCompile Include="SHA256.cpp">
      <Filter>Source Files</Filter>
    </ClCompile>
    <ClCompile Include="stdafx.cpp">
      <Filter>Source Files</Filter>
    </ClCompile>
    <ClCompile Include="Util.cpp">
      <Filter>Source Files</Filter>
    </ClCompile>
  </ItemGroup>
  <ItemGroup>
    <ClInclude Include="AppOpenCL.h">
      <Filter>Header Files</Filter>
    </ClInclude>
    <ClInclude Include="Blake512.h">
      <Filter>Header Files</Filter>
    </ClInclude>
    <ClInclude Include="Config.h">
      <Filter>Header Files</Filter>
    </ClInclude>
    <ClInclude Include="CPUMiner.h">
      <Filter>Header Files</Filter>
    </ClInclude>
    <ClInclude Include="Curl.h">
      <Filter>Header Files</Filter>
    </ClInclude>
    <ClInclude Include="Global.h">
      <Filter>Header Files</Filter>
    </ClInclude>
    <ClInclude Include="json_batchallocator.h">
      <Filter>Header Files</Filter>
    </ClInclude>
    <ClInclude Include="luuMiner.h">
      <Filter>Header Files</Filter>
    </ClInclude>
    <ClInclude Include="luuMinerDlg.h">
      <Filter>Header Files</Filter>
    </ClInclude>
    <ClInclude Include="opencl.h">
      <Filter>Header Files</Filter>
    </ClInclude>
    <ClInclude Include="Resource.h">
      <Filter>Header Files</Filter>
    </ClInclude>
    <ClInclude Include="RSHash.h">
      <Filter>Header Files</Filter>
    </ClInclude>
    <ClInclude Include="SHA256.h">
      <Filter>Header Files</Filter>
    </ClInclude>
    <ClInclude Include="stdafx.h">
      <Filter>Header Files</Filter>
    </ClInclude>
    <ClInclude Include="targetver.h">
      <Filter>Header Files</Filter>
    </ClInclude>
    <ClInclude Include="Util.h">
      <Filter>Header Files</Filter>
    </ClInclude>
  </ItemGroup>
  <ItemGroup>
    <None Include="json_internalmap.inl">
      <Filter>Header Files</Filter>
    </None>
    <None Include="json_internalarray.inl">
      <Filter>Header Files</Filter>
    </None>
    <None Include="json_valueiterator.inl">
      <Filter>Header Files</Filter>
    </None>
    <None Include="resource.hm">
      <Filter>Header Files</Filter>
    </None>
    <None Include="res\luuminer.ico">
      <Filter>Resources</Filter>
    </None>
    <None Include="res\luuminer.rc2">
      <Filter>Resources</Filter>
    </None>
  </ItemGroup>
  <ItemGroup>
    <Filter Include="Header Files">
      <UniqueIdentifier>{9107773f-f448-4f16-8681-3193d35e7d0a}</UniqueIdentifier>
      <Extensions>.h .hpp .inl .hm</Extensions>
    </Filter>
    <Filter Include="Source Files">
      <UniqueIdentifier>{9bbb390a-e7b6-4563-a462-ef1334e65e52}</UniqueIdentifier>
      <Extensions>.c .cpp</Extensions>
    </Filter>
    <Filter Include="Resources">
      <UniqueIdentifier>{76a763c9-b4ed-4704-8ede-9cbcc0d92584}</UniqueIdentifier>
    </Filter>
  </ItemGroup>
  <ItemGroup>
    <ResourceCompile Include="luuminer.rc">
      <Filter>Resources</Filter>
    </ResourceCompile>
  </ItemGroup>
</Project>